
Microsoft Visual Studio Solution File, Format Version 12.00
# Visual Studio Version 17
VisualStudioVersion = 17.4.33213.308
MinimumVisualStudioVersion = 10.0.40219.1
Project("{FAE04EC0-301F-11D3-BF4B-00C04F79EFBC}") = "WebAPIDemo", "WebAPIDemo\WebAPIDemo.csproj", "{F998E408-4732-4C48-A775-5CC3B691FC20}"
EndProject
Global
	GlobalSection(SolutionConfigurationPlatforms) = preSolution
		Debug|Any CPU = Debug|Any CPU
		Release|Any CPU = Release|Any CPU
	EndGlobalSection
	GlobalSection(ProjectConfigurationPlatforms) = postSolution
		{F998E408-4732-4C48-A775-5CC3B691FC20}.Debug|Any CPU.ActiveCfg = Debug|Any CPU
		{F998E408-4732-4C48-A775-5CC3B691FC20}.Debug|Any CPU.Build.0 = Debug|Any CPU
		{F998E408-4732-4C48-A775-5CC3B691FC20}.Release|Any CPU.ActiveCfg = Release|Any CPU
		{F998E408-4732-4C48-A775-5CC3B691FC20}.Release|Any CPU.Build.0 = Release|Any CPU
	EndGlobalSection
	GlobalSection(SolutionProperties) = preSolution
		HideSolutionNode = FALSE
	EndGlobalSection
	GlobalSection(ExtensibilityGlobals) = postSolution
		SolutionGuid = {2DDB7668-116D-4839-8CA9-49006837810A}
	EndGlobalSection
EndGlobal
