
Microsoft Visual Studio Solution File, Format Version 12.00
# Visual Studio Version 17
VisualStudioVersion = 17.6.33712.159
MinimumVisualStudioVersion = 10.0.40219.1
Project("{FAE04EC0-301F-11D3-BF4B-00C04F79EFBC}") = "ASP-Net-Core-Web-Android", "ASP-Net-Core-Web-Android\ASP-Net-Core-Web-Android.csproj", "{11EFC4F4-9779-4EB4-9752-31F32D491322}"
EndProject
Global
	GlobalSection(SolutionConfigurationPlatforms) = preSolution
		Debug|Any CPU = Debug|Any CPU
		Release|Any CPU = Release|Any CPU
	EndGlobalSection
	GlobalSection(ProjectConfigurationPlatforms) = postSolution
		{11EFC4F4-9779-4EB4-9752-31F32D491322}.Debug|Any CPU.ActiveCfg = Debug|Any CPU
		{11EFC4F4-9779-4EB4-9752-31F32D491322}.Debug|Any CPU.Build.0 = Debug|Any CPU
		{11EFC4F4-9779-4EB4-9752-31F32D491322}.Release|Any CPU.ActiveCfg = Release|Any CPU
		{11EFC4F4-9779-4EB4-9752-31F32D491322}.Release|Any CPU.Build.0 = Release|Any CPU
	EndGlobalSection
	GlobalSection(SolutionProperties) = preSolution
		HideSolutionNode = FALSE
	EndGlobalSection
	GlobalSection(ExtensibilityGlobals) = postSolution
		SolutionGuid = {D8D24F38-29B6-41B5-B456-EB070C0128DC}
	EndGlobalSection
EndGlobal
